
Microsoft Visual Studio Solution File, Format Version 12.00
# Visual Studio Version 17
VisualStudioVersion = 17.4.33110.190
MinimumVisualStudioVersion = 10.0.40219.1
Project("{FAE04EC0-301F-11D3-BF4B-00C04F79EFBC}") = "LABClass", "LABClass\LABClass.csproj", "{1AA746F6-328A-4BB7-A4C3-5ACADB5174B4}"
EndProject
Global
	GlobalSection(SolutionConfigurationPlatforms) = preSolution
		Debug|Any CPU = Debug|Any CPU
		Release|Any CPU = Release|Any CPU
	EndGlobalSection
	GlobalSection(ProjectConfigurationPlatforms) = postSolution
		{1AA746F6-328A-4BB7-A4C3-5ACADB5174B4}.Debug|Any CPU.ActiveCfg = Debug|Any CPU
		{1AA746F6-328A-4BB7-A4C3-5ACADB5174B4}.Debug|Any CPU.Build.0 = Debug|Any CPU
		{1AA746F6-328A-4BB7-A4C3-5ACADB5174B4}.Release|Any CPU.ActiveCfg = Release|Any CPU
		{1AA746F6-328A-4BB7-A4C3-5ACADB5174B4}.Release|Any CPU.Build.0 = Release|Any CPU
	EndGlobalSection
	GlobalSection(SolutionProperties) = preSolution
		HideSolutionNode = FALSE
	EndGlobalSection
	GlobalSection(ExtensibilityGlobals) = postSolution
		SolutionGuid = {81C36795-7F3F-426E-B8B6-B686D3A75F85}
	EndGlobalSection
EndGlobal
